
Microsoft Visual Studio Solution File, Format Version 12.00
# Visual Studio Version 17
VisualStudioVersion = 17.10.35013.160
MinimumVisualStudioVersion = 10.0.40219.1
Project("{8BC9CEB8-8B4A-11D0-8D11-00A0C91BC942}") = "Program", "Program\Program.vcxproj", "{44103B23-C4BD-405B-AE0D-A52D4767D39A}"
EndProject
Project("{8BC9CEB8-8B4A-11D0-8D11-00A0C91BC942}") = "Algorithm_BruteForce", "..\Algorithm_BruteForce\Algorithm_BruteForce.vcxproj", "{3C427FF1-B927-4377-89C2-01F02852F502}"
EndProject
Project("{8BC9CEB8-8B4A-11D0-8D11-00A0C91BC942}") = "Algorithm_IsPrime", "..\Algorithm_IsPrime\Algorithm_IsPrime.vcxproj", "{5061D5BC-2233-410F-973F-E3ADAAA3274A}"
EndProject
Project("{8BC9CEB8-8B4A-11D0-8D11-00A0C91BC942}") = "Eratosthenes", "..\Eratosthenes\Eratosthenes.vcxproj", "{074667F9-B086-4FF5-A718-3618B9953945}"
EndProject
Project("{8BC9CEB8-8B4A-11D0-8D11-00A0C91BC942}") = "Bubble Sort", "..\Bubble Sort\Bubble Sort.vcxproj", "{84E79394-40A7-4240-BB79-D48459C140B0}"
EndProject
Project("{8BC9CEB8-8B4A-11D0-8D11-00A0C91BC942}") = "SelectSort", "..\SelectSort\SelectSort.vcxproj", "{D93F417A-7F41-4994-9982-10723FFD5EB0}"
EndProject
Project("{8BC9CEB8-8B4A-11D0-8D11-00A0C91BC942}") = "InsertSort", "..\InsertSort\InsertSort.vcxproj", "{063F3793-1186-4D16-8CE8-507858B85441}"
EndProject
Project("{8BC9CEB8-8B4A-11D0-8D11-00A0C91BC942}") = "MergeSort", "..\MergeSort\MergeSort.vcxproj", "{2470DA61-B0E8-4C38-8456-9145189D4514}"
EndProject
Project("{8BC9CEB8-8B4A-11D0-8D11-00A0C91BC942}") = "Greedy", "..\Greedy\Greedy.vcxproj", "{A1CF213A-2D41-41F6-ABDB-DFD3118BCC3D}"
EndProject
Project("{8BC9CEB8-8B4A-11D0-8D11-00A0C91BC942}") = "HanoiTower(Back Tracking)", "..\HanoiTower(Back Tracking)\HanoiTower(Back Tracking).vcxproj", "{3A023E2F-9B41-4187-A53C-2DCA8324D1AE}"
EndProject
Project("{8BC9CEB8-8B4A-11D0-8D11-00A0C91BC942}") = "최대공약수", "..\최대공약수\최대공약수.vcxproj", "{BD2AAE86-37BF-4A97-96B0-E1558236FAD8}"
EndProject
Project("{8BC9CEB8-8B4A-11D0-8D11-00A0C91BC942}") = "Euclidean", "..\Euclidean\Euclidean.vcxproj", "{BC946B08-3CA0-4716-A091-8C5853D702CC}"
EndProject
Project("{8BC9CEB8-8B4A-11D0-8D11-00A0C91BC942}") = "Depth First Search", "..\Depth First Search\Depth First Search.vcxproj", "{66604D2B-3CF3-4DE5-8460-E9D681A3B90E}"
EndProject
Project("{8BC9CEB8-8B4A-11D0-8D11-00A0C91BC942}") = "Breadth First Search", "..\Breadth First Search\Breadth First Search.vcxproj", "{BD15E004-3667-48D4-8758-489945ED7E0B}"
EndProject
Global
	GlobalSection(SolutionConfigurationPlatforms) = preSolution
		Debug|x64 = Debug|x64
		Debug|x86 = Debug|x86
		Release|x64 = Release|x64
		Release|x86 = Release|x86
	EndGlobalSection
	GlobalSection(ProjectConfigurationPlatforms) = postSolution
		{44103B23-C4BD-405B-AE0D-A52D4767D39A}.Debug|x64.ActiveCfg = Debug|x64
		{44103B23-C4BD-405B-AE0D-A52D4767D39A}.Debug|x64.Build.0 = Debug|x64
		{44103B23-C4BD-405B-AE0D-A52D4767D39A}.Debug|x86.ActiveCfg = Debug|Win32
		{44103B23-C4BD-405B-AE0D-A52D4767D39A}.Debug|x86.Build.0 = Debug|Win32
		{44103B23-C4BD-405B-AE0D-A52D4767D39A}.Release|x64.ActiveCfg = Release|x64
		{44103B23-C4BD-405B-AE0D-A52D4767D39A}.Release|x64.Build.0 = Release|x64
		{44103B23-C4BD-405B-AE0D-A52D4767D39A}.Release|x86.ActiveCfg = Release|Win32
		{44103B23-C4BD-405B-AE0D-A52D4767D39A}.Release|x86.Build.0 = Release|Win32
		{3C427FF1-B927-4377-89C2-01F02852F502}.Debug|x64.ActiveCfg = Debug|x64
		{3C427FF1-B927-4377-89C2-01F02852F502}.Debug|x64.Build.0 = Debug|x64
		{3C427FF1-B927-4377-89C2-01F02852F502}.Debug|x86.ActiveCfg = Debug|Win32
		{3C427FF1-B927-4377-89C2-01F02852F502}.Debug|x86.Build.0 = Debug|Win32
		{3C427FF1-B927-4377-89C2-01F02852F502}.Release|x64.ActiveCfg = Release|x64
		{3C427FF1-B927-4377-89C2-01F02852F502}.Release|x64.Build.0 = Release|x64
		{3C427FF1-B927-4377-89C2-01F02852F502}.Release|x86.ActiveCfg = Release|Win32
		{3C427FF1-B927-4377-89C2-01F02852F502}.Release|x86.Build.0 = Release|Win32
		{5061D5BC-2233-410F-973F-E3ADAAA3274A}.Debug|x64.ActiveCfg = Debug|x64
		{5061D5BC-2233-410F-973F-E3ADAAA3274A}.Debug|x64.Build.0 = Debug|x64
		{5061D5BC-2233-410F-973F-E3ADAAA3274A}.Debug|x86.ActiveCfg = Debug|Win32
		{5061D5BC-2233-410F-973F-E3ADAAA3274A}.Debug|x86.Build.0 = Debug|Win32
		{5061D5BC-2233-410F-973F-E3ADAAA3274A}.Release|x64.ActiveCfg = Release|x64
		{5061D5BC-2233-410F-973F-E3ADAAA3274A}.Release|x64.Build.0 = Release|x64
		{5061D5BC-2233-410F-973F-E3ADAAA3274A}.Release|x86.ActiveCfg = Release|Win32
		{5061D5BC-2233-410F-973F-E3ADAAA3274A}.Release|x86.Build.0 = Release|Win32
		{074667F9-B086-4FF5-A718-3618B9953945}.Debug|x64.ActiveCfg = Debug|x64
		{074667F9-B086-4FF5-A718-3618B9953945}.Debug|x64.Build.0 = Debug|x64
		{074667F9-B086-4FF5-A718-3618B9953945}.Debug|x86.ActiveCfg = Debug|Win32
		{074667F9-B086-4FF5-A718-3618B9953945}.Debug|x86.Build.0 = Debug|Win32
		{074667F9-B086-4FF5-A718-3618B9953945}.Release|x64.ActiveCfg = Release|x64
		{074667F9-B086-4FF5-A718-3618B9953945}.Release|x64.Build.0 = Release|x64
		{074667F9-B086-4FF5-A718-3618B9953945}.Release|x86.ActiveCfg = Release|Win32
		{074667F9-B086-4FF5-A718-3618B9953945}.Release|x86.Build.0 = Release|Win32
		{84E79394-40A7-4240-BB79-D48459C140B0}.Debug|x64.ActiveCfg = Debug|x64
		{84E79394-40A7-4240-BB79-D48459C140B0}.Debug|x64.Build.0 = Debug|x64
		{84E79394-40A7-4240-BB79-D48459C140B0}.Debug|x86.ActiveCfg = Debug|Win32
		{84E79394-40A7-4240-BB79-D48459C140B0}.Debug|x86.Build.0 = Debug|Win32
		{84E79394-40A7-4240-BB79-D48459C140B0}.Release|x64.ActiveCfg = Release|x64
		{84E79394-40A7-4240-BB79-D48459C140B0}.Release|x64.Build.0 = Release|x64
		{84E79394-40A7-4240-BB79-D48459C140B0}.Release|x86.ActiveCfg = Release|Win32
		{84E79394-40A7-4240-BB79-D48459C140B0}.Release|x86.Build.0 = Release|Win32
		{D93F417A-7F41-4994-9982-10723FFD5EB0}.Debug|x64.ActiveCfg = Debug|x64
		{D93F417A-7F41-4994-9982-10723FFD5EB0}.Debug|x64.Build.0 = Debug|x64
		{D93F417A-7F41-4994-9982-10723FFD5EB0}.Debug|x86.ActiveCfg = Debug|Win32
		{D93F417A-7F41-4994-9982-10723FFD5EB0}.Debug|x86.Build.0 = Debug|Win32
		{D93F417A-7F41-4994-9982-10723FFD5EB0}.Release|x64.ActiveCfg = Release|x64
		{D93F417A-7F41-4994-9982-10723FFD5EB0}.Release|x64.Build.0 = Release|x64
		{D93F417A-7F41-4994-9982-10723FFD5EB0}.Release|x86.ActiveCfg = Release|Win32
		{D93F417A-7F41-4994-9982-10723FFD5EB0}.Release|x86.Build.0 = Release|Win32
		{063F3793-1186-4D16-8CE8-507858B85441}.Debug|x64.ActiveCfg = Debug|x64
		{063F3793-1186-4D16-8CE8-507858B85441}.Debug|x64.Build.0 = Debug|x64
		{063F3793-1186-4D16-8CE8-507858B85441}.Debug|x86.ActiveCfg = Debug|Win32
		{063F3793-1186-4D16-8CE8-507858B85441}.Debug|x86.Build.0 = Debug|Win32
		{063F3793-1186-4D16-8CE8-507858B85441}.Release|x64.ActiveCfg = Release|x64
		{063F3793-1186-4D16-8CE8-507858B85441}.Release|x64.Build.0 = Release|x64
		{063F3793-1186-4D16-8CE8-507858B85441}.Release|x86.ActiveCfg = Release|Win32
		{063F3793-1186-4D16-8CE8-507858B85441}.Release|x86.Build.0 = Release|Win32
		{2470DA61-B0E8-4C38-8456-9145189D4514}.Debug|x64.ActiveCfg = Debug|x64
		{2470DA61-B0E8-4C38-8456-9145189D4514}.Debug|x64.Build.0 = Debug|x64
		{2470DA61-B0E8-4C38-8456-9145189D4514}.Debug|x86.ActiveCfg = Debug|Win32
		{2470DA61-B0E8-4C38-8456-9145189D4514}.Debug|x86.Build.0 = Debug|Win32
		{2470DA61-B0E8-4C38-8456-9145189D4514}.Release|x64.ActiveCfg = Release|x64
		{2470DA61-B0E8-4C38-8456-9145189D4514}.Release|x64.Build.0 = Release|x64
		{2470DA61-B0E8-4C38-8456-9145189D4514}.Release|x86.ActiveCfg = Release|Win32
		{2470DA61-B0E8-4C38-8456-9145189D4514}.Release|x86.Build.0 = Release|Win32
		{A1CF213A-2D41-41F6-ABDB-DFD3118BCC3D}.Debug|x64.ActiveCfg = Debug|x64
		{A1CF213A-2D41-41F6-ABDB-DFD3118BCC3D}.Debug|x64.Build.0 = Debug|x64
		{A1CF213A-2D41-41F6-ABDB-DFD3118BCC3D}.Debug|x86.ActiveCfg = Debug|Win32
		{A1CF213A-2D41-41F6-ABDB-DFD3118BCC3D}.Debug|x86.Build.0 = Debug|Win32
		{A1CF213A-2D41-41F6-ABDB-DFD3118BCC3D}.Release|x64.ActiveCfg = Release|x64
		{A1CF213A-2D41-41F6-ABDB-DFD3118BCC3D}.Release|x64.Build.0 = Release|x64
		{A1CF213A-2D41-41F6-ABDB-DFD3118BCC3D}.Release|x86.ActiveCfg = Release|Win32
		{A1CF213A-2D41-41F6-ABDB-DFD3118BCC3D}.Release|x86.Build.0 = Release|Win32
		{3A023E2F-9B41-4187-A53C-2DCA8324D1AE}.Debug|x64.ActiveCfg = Debug|x64
		{3A023E2F-9B41-4187-A53C-2DCA8324D1AE}.Debug|x64.Build.0 = Debug|x64
		{3A023E2F-9B41-4187-A53C-2DCA8324D1AE}.Debug|x86.ActiveCfg = Debug|Win32
		{3A023E2F-9B41-4187-A53C-2DCA8324D1AE}.Debug|x86.Build.0 = Debug|Win32
		{3A023E2F-9B41-4187-A53C-2DCA8324D1AE}.Release|x64.ActiveCfg = Release|x64
		{3A023E2F-9B41-4187-A53C-2DCA8324D1AE}.Release|x64.Build.0 = Release|x64
		{3A023E2F-9B41-4187-A53C-2DCA8324D1AE}.Release|x86.ActiveCfg = Release|Win32
		{3A023E2F-9B41-4187-A53C-2DCA8324D1AE}.Release|x86.Build.0 = Release|Win32
		{BD2AAE86-37BF-4A97-96B0-E1558236FAD8}.Debug|x64.ActiveCfg = Debug|x64
		{BD2AAE86-37BF-4A97-96B0-E1558236FAD8}.Debug|x64.Build.0 = Debug|x64
		{BD2AAE86-37BF-4A97-96B0-E1558236FAD8}.Debug|x86.ActiveCfg = Debug|Win32
		{BD2AAE86-37BF-4A97-96B0-E1558236FAD8}.Debug|x86.Build.0 = Debug|Win32
		{BD2AAE86-37BF-4A97-96B0-E1558236FAD8}.Release|x64.ActiveCfg = Release|x64
		{BD2AAE86-37BF-4A97-96B0-E1558236FAD8}.Release|x64.Build.0 = Release|x64
		{BD2AAE86-37BF-4A97-96B0-E1558236FAD8}.Release|x86.ActiveCfg = Release|Win32
		{BD2AAE86-37BF-4A97-96B0-E1558236FAD8}.Release|x86.Build.0 = Release|Win32
		{BC946B08-3CA0-4716-A091-8C5853D702CC}.Debug|x64.ActiveCfg = Debug|x64
		{BC946B08-3CA0-4716-A091-8C5853D702CC}.Debug|x64.Build.0 = Debug|x64
		{BC946B08-3CA0-4716-A091-8C5853D702CC}.Debug|x86.ActiveCfg = Debug|Win32
		{BC946B08-3CA0-4716-A091-8C5853D702CC}.Debug|x86.Build.0 = Debug|Win32
		{BC946B08-3CA0-4716-A091-8C5853D702CC}.Release|x64.ActiveCfg = Release|x64
		{BC946B08-3CA0-4716-A091-8C5853D702CC}.Release|x64.Build.0 = Release|x64
		{BC946B08-3CA0-4716-A091-8C5853D702CC}.Release|x86.ActiveCfg = Release|Win32
		{BC946B08-3CA0-4716-A091-8C5853D702CC}.Release|x86.Build.0 = Release|Win32
		{66604D2B-3CF3-4DE5-8460-E9D681A3B90E}.Debug|x64.ActiveCfg = Debug|x64
		{66604D2B-3CF3-4DE5-8460-E9D681A3B90E}.Debug|x64.Build.0 = Debug|x64
		{66604D2B-3CF3-4DE5-8460-E9D681A3B90E}.Debug|x86.ActiveCfg = Debug|Win32
		{66604D2B-3CF3-4DE5-8460-E9D681A3B90E}.Debug|x86.Build.0 = Debug|Win32
		{66604D2B-3CF3-4DE5-8460-E9D681A3B90E}.Release|x64.ActiveCfg = Release|x64
		{66604D2B-3CF3-4DE5-8460-E9D681A3B90E}.Release|x64.Build.0 = Release|x64
		{66604D2B-3CF3-4DE5-8460-E9D681A3B90E}.Release|x86.ActiveCfg = Release|Win32
		{66604D2B-3CF3-4DE5-8460-E9D681A3B90E}.Release|x86.Build.0 = Release|Win32
		{BD15E004-3667-48D4-8758-489945ED7E0B}.Debug|x64.ActiveCfg = Debug|x64
		{BD15E004-3667-48D4-8758-489945ED7E0B}.Debug|x64.Build.0 = Debug|x64
		{BD15E004-3667-48D4-8758-489945ED7E0B}.Debug|x86.ActiveCfg = Debug|Win32
		{BD15E004-3667-48D4-8758-489945ED7E0B}.Debug|x86.Build.0 = Debug|Win32
		{BD15E004-3667-48D4-8758-489945ED7E0B}.Release|x64.ActiveCfg = Release|x64
		{BD15E004-3667-48D4-8758-489945ED7E0B}.Release|x64.Build.0 = Release|x64
		{BD15E004-3667-48D4-8758-489945ED7E0B}.Release|x86.ActiveCfg = Release|Win32
		{BD15E004-3667-48D4-8758-489945ED7E0B}.Release|x86.Build.0 = Release|Win32
	EndGlobalSection
	GlobalSection(SolutionProperties) = preSolution
		HideSolutionNode = FALSE
	EndGlobalSection
	GlobalSection(ExtensibilityGlobals) = postSolution
		SolutionGuid = {58CC64D2-D882-4581-B9BA-D521364449C9}
	EndGlobalSection
EndGlobal
